
Microsoft Visual Studio Solution File, Format Version 12.00
# Visual Studio Version 17
VisualStudioVersion = 17.2.32630.192
MinimumVisualStudioVersion = 10.0.40219.1
Project("{9A19103F-16F7-4668-BE54-9A1E7A4F7556}") = "MVCProject", "MVCProject\MVCProject.csproj", "{C33703FD-341B-4FC3-9EFA-CE8949BA03CF}"
EndProject
Project("{FAE04EC0-301F-11D3-BF4B-00C04F79EFBC}") = "NoteWeb", "NoteWeb\NoteWeb.csproj", "{56D26B5E-5835-4447-ACFC-603587EB6172}"
EndProject
Global
	GlobalSection(SolutionConfigurationPlatforms) = preSolution
		Debug|Any CPU = Debug|Any CPU
		Release|Any CPU = Release|Any CPU
	EndGlobalSection
	GlobalSection(ProjectConfigurationPlatforms) = postSolution
		{C33703FD-341B-4FC3-9EFA-CE8949BA03CF}.Debug|Any CPU.ActiveCfg = Debug|Any CPU
		{C33703FD-341B-4FC3-9EFA-CE8949BA03CF}.Debug|Any CPU.Build.0 = Debug|Any CPU
		{C33703FD-341B-4FC3-9EFA-CE8949BA03CF}.Release|Any CPU.ActiveCfg = Release|Any CPU
		{C33703FD-341B-4FC3-9EFA-CE8949BA03CF}.Release|Any CPU.Build.0 = Release|Any CPU
		{56D26B5E-5835-4447-ACFC-603587EB6172}.Debug|Any CPU.ActiveCfg = Debug|Any CPU
		{56D26B5E-5835-4447-ACFC-603587EB6172}.Debug|Any CPU.Build.0 = Debug|Any CPU
		{56D26B5E-5835-4447-ACFC-603587EB6172}.Release|Any CPU.ActiveCfg = Release|Any CPU
		{56D26B5E-5835-4447-ACFC-603587EB6172}.Release|Any CPU.Build.0 = Release|Any CPU
	EndGlobalSection
	GlobalSection(SolutionProperties) = preSolution
		HideSolutionNode = FALSE
	EndGlobalSection
	GlobalSection(ExtensibilityGlobals) = postSolution
		SolutionGuid = {F40F4AAC-7D55-4F37-8E81-4E9990CB424D}
	EndGlobalSection
EndGlobal
